
Microsoft Visual Studio Solution File, Format Version 12.00
# Visual Studio Version 17
VisualStudioVersion = 17.1.32328.378
MinimumVisualStudioVersion = 10.0.40219.1
Project("{FAE04EC0-301F-11D3-BF4B-00C04F79EFBC}") = "ContSealApp", "ContSealApp\ContSealApp.csproj", "{263B608D-74EA-4529-95F0-B4908C81BBBF}"
EndProject
Global
	GlobalSection(SolutionConfigurationPlatforms) = preSolution
		Debug|Any CPU = Debug|Any CPU
		Release|Any CPU = Release|Any CPU
	EndGlobalSection
	GlobalSection(ProjectConfigurationPlatforms) = postSolution
		{263B608D-74EA-4529-95F0-B4908C81BBBF}.Debug|Any CPU.ActiveCfg = Debug|Any CPU
		{263B608D-74EA-4529-95F0-B4908C81BBBF}.Debug|Any CPU.Build.0 = Debug|Any CPU
		{263B608D-74EA-4529-95F0-B4908C81BBBF}.Release|Any CPU.ActiveCfg = Release|Any CPU
		{263B608D-74EA-4529-95F0-B4908C81BBBF}.Release|Any CPU.Build.0 = Release|Any CPU
	EndGlobalSection
	GlobalSection(SolutionProperties) = preSolution
		HideSolutionNode = FALSE
	EndGlobalSection
	GlobalSection(ExtensibilityGlobals) = postSolution
		SolutionGuid = {FEEDED03-5890-4FD1-92E3-7EFE3E9CA67A}
	EndGlobalSection
EndGlobal
